// !$*UTF8*$!
{
	archiveVersion = 1;
	classes = {
	};
	objectVersion = 56;
	objects = {

/* Begin PBXBuildFile section */
		9391256A2A0955F900B1B34B /* FireBaseBootCampApp.swift in Sources */ = {isa = PBXBuildFile; fileRef = 939125692A0955F900B1B34B /* FireBaseBootCampApp.swift */; };
		9391256E2A0955FA00B1B34B /* Assets.xcassets in Resources */ = {isa = PBXBuildFile; fileRef = 9391256D2A0955FA00B1B34B /* Assets.xcassets */; };
		939125712A0955FA00B1B34B /* Preview Assets.xcassets in Resources */ = {isa = PBXBuildFile; fileRef = 939125702A0955FA00B1B34B /* Preview Assets.xcassets */; };
		939125732A0955FA00B1B34B /* Persistence.swift in Sources */ = {isa = PBXBuildFile; fileRef = 939125722A0955FA00B1B34B /* Persistence.swift */; };
		939125762A0955FA00B1B34B /* FireBaseBootCamp.xcdatamodeld in Sources */ = {isa = PBXBuildFile; fileRef = 939125742A0955FA00B1B34B /* FireBaseBootCamp.xcdatamodeld */; };
		9391257D2A09561B00B1B34B /* ContentView.swift in Sources */ = {isa = PBXBuildFile; fileRef = 9391257C2A09561B00B1B34B /* ContentView.swift */; };
		9391257F2A0957F200B1B34B /* GoogleService-Info.plist in Resources */ = {isa = PBXBuildFile; fileRef = 9391257E2A0957F200B1B34B /* GoogleService-Info.plist */; };
		939125822A09597200B1B34B /* FirebaseAnalytics in Frameworks */ = {isa = PBXBuildFile; productRef = 939125812A09597200B1B34B /* FirebaseAnalytics */; };
		939125842A09597200B1B34B /* FirebaseAnalyticsSwift in Frameworks */ = {isa = PBXBuildFile; productRef = 939125832A09597200B1B34B /* FirebaseAnalyticsSwift */; };
		939125882A0AB87800B1B34B /* FirebaseAuth in Frameworks */ = {isa = PBXBuildFile; productRef = 939125872A0AB87800B1B34B /* FirebaseAuth */; };
		9391258B2A0AB91C00B1B34B /* AuthenticationView.swift in Sources */ = {isa = PBXBuildFile; fileRef = 9391258A2A0AB91C00B1B34B /* AuthenticationView.swift */; };
		9391258D2A0ABABA00B1B34B /* SignInEmailView.swift in Sources */ = {isa = PBXBuildFile; fileRef = 9391258C2A0ABABA00B1B34B /* SignInEmailView.swift */; };
		9391258F2A0ABC7E00B1B34B /* AuthenticationManager.swift in Sources */ = {isa = PBXBuildFile; fileRef = 9391258E2A0ABC7E00B1B34B /* AuthenticationManager.swift */; };
		939125912A0AC07600B1B34B /* RootView.swift in Sources */ = {isa = PBXBuildFile; fileRef = 939125902A0AC07600B1B34B /* RootView.swift */; };
		939125932A0AC2C200B1B34B /* SettingsView.swift in Sources */ = {isa = PBXBuildFile; fileRef = 939125922A0AC2C200B1B34B /* SettingsView.swift */; };
/* End PBXBuildFile section */

/* Begin PBXFileReference section */
		939125662A0955F900B1B34B /* FireBaseBootCamp.app */ = {isa = PBXFileReference; explicitFileType = wrapper.application; includeInIndex = 0; path = FireBaseBootCamp.app; sourceTree = BUILT_PRODUCTS_DIR; };
		939125692A0955F900B1B34B /* FireBaseBootCampApp.swift */ = {isa = PBXFileReference; lastKnownFileType = sourcecode.swift; path = FireBaseBootCampApp.swift; sourceTree = "<group>"; };
		9391256D2A0955FA00B1B34B /* Assets.xcassets */ = {isa = PBXFileReference; lastKnownFileType = folder.assetcatalog; path = Assets.xcassets; sourceTree = "<group>"; };
		939125702A0955FA00B1B34B /* Preview Assets.xcassets */ = {isa = PBXFileReference; lastKnownFileType = folder.assetcatalog; path = "Preview Assets.xcassets"; sourceTree = "<group>"; };
		939125722A0955FA00B1B34B /* Persistence.swift */ = {isa = PBXFileReference; lastKnownFileType = sourcecode.swift; path = Persistence.swift; sourceTree = "<group>"; };
		939125752A0955FA00B1B34B /* FireBaseBootCamp.xcdatamodel */ = {isa = PBXFileReference; lastKnownFileType = wrapper.xcdatamodel; path = FireBaseBootCamp.xcdatamodel; sourceTree = "<group>"; };
		9391257C2A09561B00B1B34B /* ContentView.swift */ = {isa = PBXFileReference; lastKnownFileType = sourcecode.swift; path = ContentView.swift; sourceTree = "<group>"; };
		9391257E2A0957F200B1B34B /* GoogleService-Info.plist */ = {isa = PBXFileReference; fileEncoding = 4; lastKnownFileType = text.plist.xml; path = "GoogleService-Info.plist"; sourceTree = "<group>"; };
		9391258A2A0AB91C00B1B34B /* AuthenticationView.swift */ = {isa = PBXFileReference; lastKnownFileType = sourcecode.swift; path = AuthenticationView.swift; sourceTree = "<group>"; };
		9391258C2A0ABABA00B1B34B /* SignInEmailView.swift */ = {isa = PBXFileReference; lastKnownFileType = sourcecode.swift; path = SignInEmailView.swift; sourceTree = "<group>"; };
		9391258E2A0ABC7E00B1B34B /* AuthenticationManager.swift */ = {isa = PBXFileReference; lastKnownFileType = sourcecode.swift; path = AuthenticationManager.swift; sourceTree = "<group>"; };
		939125902A0AC07600B1B34B /* RootView.swift */ = {isa = PBXFileReference; lastKnownFileType = sourcecode.swift; path = RootView.swift; sourceTree = "<group>"; };
		939125922A0AC2C200B1B34B /* SettingsView.swift */ = {isa = PBXFileReference; lastKnownFileType = sourcecode.swift; path = SettingsView.swift; sourceTree = "<group>"; };
/* End PBXFileReference section */

/* Begin PBXFrameworksBuildPhase section */
		939125632A0955F900B1B34B /* Frameworks */ = {
			isa = PBXFrameworksBuildPhase;
			buildActionMask = 2147483647;
			files = (
				939125842A09597200B1B34B /* FirebaseAnalyticsSwift in Frameworks */,
				939125882A0AB87800B1B34B /* FirebaseAuth in Frameworks */,
				939125822A09597200B1B34B /* FirebaseAnalytics in Frameworks */,
			);
			runOnlyForDeploymentPostprocessing = 0;
		};
/* End PBXFrameworksBuildPhase section */

/* Begin PBXGroup section */
		9391255D2A0955F900B1B34B = {
			isa = PBXGroup;
			children = (
				939125682A0955F900B1B34B /* FireBaseBootCamp */,
				939125672A0955F900B1B34B /* Products */,
				939125862A0AB87800B1B34B /* Frameworks */,
			);
			sourceTree = "<group>";
		};
		939125672A0955F900B1B34B /* Products */ = {
			isa = PBXGroup;
			children = (
				939125662A0955F900B1B34B /* FireBaseBootCamp.app */,
			);
			name = Products;
			sourceTree = "<group>";
		};
		939125682A0955F900B1B34B /* FireBaseBootCamp */ = {
			isa = PBXGroup;
			children = (
				939125692A0955F900B1B34B /* FireBaseBootCampApp.swift */,
				9391257C2A09561B00B1B34B /* ContentView.swift */,
				939125892A0AB91000B1B34B /* Authentication */,
				9391256D2A0955FA00B1B34B /* Assets.xcassets */,
				939125722A0955FA00B1B34B /* Persistence.swift */,
				939125742A0955FA00B1B34B /* FireBaseBootCamp.xcdatamodeld */,
				9391257E2A0957F200B1B34B /* GoogleService-Info.plist */,
				9391256F2A0955FA00B1B34B /* Preview Content */,
			);
			path = FireBaseBootCamp;
			sourceTree = "<group>";
		};
		9391256F2A0955FA00B1B34B /* Preview Content */ = {
			isa = PBXGroup;
			children = (
				939125702A0955FA00B1B34B /* Preview Assets.xcassets */,
			);
			path = "Preview Content";
			sourceTree = "<group>";
		};
		939125862A0AB87800B1B34B /* Frameworks */ = {
			isa = PBXGroup;
			children = (
			);
			name = Frameworks;
			sourceTree = "<group>";
		};
		939125892A0AB91000B1B34B /* Authentication */ = {
			isa = PBXGroup;
			children = (
				9391258E2A0ABC7E00B1B34B /* AuthenticationManager.swift */,
				9391258A2A0AB91C00B1B34B /* AuthenticationView.swift */,
				9391258C2A0ABABA00B1B34B /* SignInEmailView.swift */,
				939125902A0AC07600B1B34B /* RootView.swift */,
				939125922A0AC2C200B1B34B /* SettingsView.swift */,
			);
			path = Authentication;
			sourceTree = "<group>";
		};
/* End PBXGroup section */

/* Begin PBXNativeTarget section */
		939125652A0955F900B1B34B /* FireBaseBootCamp */ = {
			isa = PBXNativeTarget;
			buildConfigurationList = 939125792A0955FA00B1B34B /* Build configuration list for PBXNativeTarget "FireBaseBootCamp" */;
			buildPhases = (
				939125622A0955F900B1B34B /* Sources */,
				939125632A0955F900B1B34B /* Frameworks */,
				939125642A0955F900B1B34B /* Resources */,
				939125852A0A32FB00B1B34B /* ShellScript */,
			);
			buildRules = (
			);
			dependencies = (
			);
			name = FireBaseBootCamp;
			packageProductDependencies = (
				939125812A09597200B1B34B /* FirebaseAnalytics */,
				939125832A09597200B1B34B /* FirebaseAnalyticsSwift */,
				939125872A0AB87800B1B34B /* FirebaseAuth */,
			);
			productName = FireBaseBootCamp;
			productReference = 939125662A0955F900B1B34B /* FireBaseBootCamp.app */;
			productType = "com.apple.product-type.application";
		};
/* End PBXNativeTarget section */

/* Begin PBXProject section */
		9391255E2A0955F900B1B34B /* Project object */ = {
			isa = PBXProject;
			attributes = {
				BuildIndependentTargetsInParallel = 1;
				LastSwiftUpdateCheck = 1430;
				LastUpgradeCheck = 1430;
				TargetAttributes = {
					939125652A0955F900B1B34B = {
						CreatedOnToolsVersion = 14.3;
					};
				};
			};
			buildConfigurationList = 939125612A0955F900B1B34B /* Build configuration list for PBXProject "FireBaseBootCamp" */;
			compatibilityVersion = "Xcode 14.0";
			developmentRegion = en;
			hasScannedForEncodings = 0;
			knownRegions = (
				en,
				Base,
			);
			mainGroup = 9391255D2A0955F900B1B34B;
			packageReferences = (
				939125802A09597200B1B34B /* XCRemoteSwiftPackageReference "firebase-ios-sdk" */,
			);
			productRefGroup = 939125672A0955F900B1B34B /* Products */;
			projectDirPath = "";
			projectRoot = "";
			targets = (
				939125652A0955F900B1B34B /* FireBaseBootCamp */,
			);
		};
/* End PBXProject section */

/* Begin PBXResourcesBuildPhase section */
		939125642A0955F900B1B34B /* Resources */ = {
			isa = PBXResourcesBuildPhase;
			buildActionMask = 2147483647;
			files = (
				939125712A0955FA00B1B34B /* Preview Assets.xcassets in Resources */,
				9391256E2A0955FA00B1B34B /* Assets.xcassets in Resources */,
				9391257F2A0957F200B1B34B /* GoogleService-Info.plist in Resources */,
			);
			runOnlyForDeploymentPostprocessing = 0;
		};
/* End PBXResourcesBuildPhase section */

/* Begin PBXShellScriptBuildPhase section */
		939125852A0A32FB00B1B34B /* ShellScript */ = {
			isa = PBXShellScriptBuildPhase;
			buildActionMask = 2147483647;
			files = (
			);
			inputFileListPaths = (
			);
			inputPaths = (
				"${DWARF_DSYM_FOLDER_PATH}/${DWARF_DSYM_FILE_NAME}/Contents/Resources/DWARF/${TARGET_NAME}",
				"$(SRCROOT)/$(BUILT_PRODUCTS_DIR)/$(INFOPLIST_PATH)",
			);
			outputFileListPaths = (
			);
			outputPaths = (
			);
			runOnlyForDeploymentPostprocessing = 0;
			shellPath = /bin/sh;
			shellScript = "\"${BUILD_DIR%/Build/*}/SourcePackages/checkouts/firebase-ios-sdk/Crashlytics/run\"\n\n";
		};
/* End PBXShellScriptBuildPhase section */

/* Begin PBXSourcesBuildPhase section */
		939125622A0955F900B1B34B /* Sources */ = {
			isa = PBXSourcesBuildPhase;
			buildActionMask = 2147483647;
			files = (
				939125912A0AC07600B1B34B /* RootView.swift in Sources */,
				939125732A0955FA00B1B34B /* Persistence.swift in Sources */,
				9391258D2A0ABABA00B1B34B /* SignInEmailView.swift in Sources */,
				939125932A0AC2C200B1B34B /* SettingsView.swift in Sources */,
				9391258F2A0ABC7E00B1B34B /* AuthenticationManager.swift in Sources */,
				9391256A2A0955F900B1B34B /* FireBaseBootCampApp.swift in Sources */,
				9391257D2A09561B00B1B34B /* ContentView.swift in Sources */,
				939125762A0955FA00B1B34B /* FireBaseBootCamp.xcdatamodeld in Sources */,
				9391258B2A0AB91C00B1B34B /* AuthenticationView.swift in Sources */,
			);
			runOnlyForDeploymentPostprocessing = 0;
		};
/* End PBXSourcesBuildPhase section */

/* Begin XCBuildConfiguration section */
		939125772A0955FA00B1B34B /* Debug */ = {
			isa = XCBuildConfiguration;
			buildSettings = {
				ALWAYS_SEARCH_USER_PATHS = NO;
				CLANG_ANALYZER_NONNULL = YES;
				CLANG_ANALYZER_NUMBER_OBJECT_CONVERSION = YES_AGGRESSIVE;
				CLANG_CXX_LANGUAGE_STANDARD = "gnu++20";
				CLANG_ENABLE_MODULES = YES;
				CLANG_ENABLE_OBJC_ARC = YES;
				CLANG_ENABLE_OBJC_WEAK = YES;
				CLANG_WARN_BLOCK_CAPTURE_AUTORELEASING = YES;
				CLANG_WARN_BOOL_CONVERSION = YES;
				CLANG_WARN_COMMA = YES;
				CLANG_WARN_CONSTANT_CONVERSION = YES;
				CLANG_WARN_DEPRECATED_OBJC_IMPLEMENTATIONS = YES;
				CLANG_WARN_DIRECT_OBJC_ISA_USAGE = YES_ERROR;
				CLANG_WARN_DOCUMENTATION_COMMENTS = YES;
				CLANG_WARN_EMPTY_BODY = YES;
				CLANG_WARN_ENUM_CONVERSION = YES;
				CLANG_WARN_INFINITE_RECURSION = YES;
				CLANG_WARN_INT_CONVERSION = YES;
				CLANG_WARN_NON_LITERAL_NULL_CONVERSION = YES;
				CLANG_WARN_OBJC_IMPLICIT_RETAIN_SELF = YES;
				CLANG_WARN_OBJC_LITERAL_CONVERSION = YES;
				CLANG_WARN_OBJC_ROOT_CLASS = YES_ERROR;
				CLANG_WARN_QUOTED_INCLUDE_IN_FRAMEWORK_HEADER = YES;
				CLANG_WARN_RANGE_LOOP_ANALYSIS = YES;
				CLANG_WARN_STRICT_PROTOTYPES = YES;
				CLANG_WARN_SUSPICIOUS_MOVE = YES;
				CLANG_WARN_UNGUARDED_AVAILABILITY = YES_AGGRESSIVE;
				CLANG_WARN_UNREACHABLE_CODE = YES;
				CLANG_WARN__DUPLICATE_METHOD_MATCH = YES;
				COPY_PHASE_STRIP = NO;
				DEBUG_INFORMATION_FORMAT = dwarf;
				ENABLE_STRICT_OBJC_MSGSEND = YES;
				ENABLE_TESTABILITY = YES;
				GCC_C_LANGUAGE_STANDARD = gnu11;
				GCC_DYNAMIC_NO_PIC = NO;
				GCC_NO_COMMON_BLOCKS = YES;
				GCC_OPTIMIZATION_LEVEL = 0;
				GCC_PREPROCESSOR_DEFINITIONS = (
					"DEBUG=1",
					"$(inherited)",
				);
				GCC_WARN_64_TO_32_BIT_CONVERSION = YES;
				GCC_WARN_ABOUT_RETURN_TYPE = YES_ERROR;
				GCC_WARN_UNDECLARED_SELECTOR = YES;
				GCC_WARN_UNINITIALIZED_AUTOS = YES_AGGRESSIVE;
				GCC_WARN_UNUSED_FUNCTION = YES;
				GCC_WARN_UNUSED_VARIABLE = YES;
				IPHONEOS_DEPLOYMENT_TARGET = 16.4;
				MTL_ENABLE_DEBUG_INFO = INCLUDE_SOURCE;
				MTL_FAST_MATH = YES;
				ONLY_ACTIVE_ARCH = YES;
				SDKROOT = iphoneos;
				SWIFT_ACTIVE_COMPILATION_CONDITIONS = DEBUG;
				SWIFT_OPTIMIZATION_LEVEL = "-Onone";
			};
			name = Debug;
		};
		939125782A0955FA00B1B34B /* Release */ = {
			isa = XCBuildConfiguration;
			buildSettings = {
				ALWAYS_SEARCH_USER_PATHS = NO;
				CLANG_ANALYZER_NONNULL = YES;
				CLANG_ANALYZER_NUMBER_OBJECT_CONVERSION = YES_AGGRESSIVE;
				CLANG_CXX_LANGUAGE_STANDARD = "gnu++20";
				CLANG_ENABLE_MODULES = YES;
				CLANG_ENABLE_OBJC_ARC = YES;
				CLANG_ENABLE_OBJC_WEAK = YES;
				CLANG_WARN_BLOCK_CAPTURE_AUTORELEASING = YES;
				CLANG_WARN_BOOL_CONVERSION = YES;
				CLANG_WARN_COMMA = YES;
				CLANG_WARN_CONSTANT_CONVERSION = YES;
				CLANG_WARN_DEPRECATED_OBJC_IMPLEMENTATIONS = YES;
				CLANG_WARN_DIRECT_OBJC_ISA_USAGE = YES_ERROR;
				CLANG_WARN_DOCUMENTATION_COMMENTS = YES;
				CLANG_WARN_EMPTY_BODY = YES;
				CLANG_WARN_ENUM_CONVERSION = YES;
				CLANG_WARN_INFINITE_RECURSION = YES;
				CLANG_WARN_INT_CONVERSION = YES;
				CLANG_WARN_NON_LITERAL_NULL_CONVERSION = YES;
				CLANG_WARN_OBJC_IMPLICIT_RETAIN_SELF = YES;
				CLANG_WARN_OBJC_LITERAL_CONVERSION = YES;
				CLANG_WARN_OBJC_ROOT_CLASS = YES_ERROR;
				CLANG_WARN_QUOTED_INCLUDE_IN_FRAMEWORK_HEADER = YES;
				CLANG_WARN_RANGE_LOOP_ANALYSIS = YES;
				CLANG_WARN_STRICT_PROTOTYPES = YES;
				CLANG_WARN_SUSPICIOUS_MOVE = YES;
				CLANG_WARN_UNGUARDED_AVAILABILITY = YES_AGGRESSIVE;
				CLANG_WARN_UNREACHABLE_CODE = YES;
				CLANG_WARN__DUPLICATE_METHOD_MATCH = YES;
				COPY_PHASE_STRIP = NO;
				DEBUG_INFORMATION_FORMAT = "dwarf-with-dsym";
				ENABLE_NS_ASSERTIONS = NO;
				ENABLE_STRICT_OBJC_MSGSEND = YES;
				GCC_C_LANGUAGE_STANDARD = gnu11;
				GCC_NO_COMMON_BLOCKS = YES;
				GCC_WARN_64_TO_32_BIT_CONVERSION = YES;
				GCC_WARN_ABOUT_RETURN_TYPE = YES_ERROR;
				GCC_WARN_UNDECLARED_SELECTOR = YES;
				GCC_WARN_UNINITIALIZED_AUTOS = YES_AGGRESSIVE;
				GCC_WARN_UNUSED_FUNCTION = YES;
				GCC_WARN_UNUSED_VARIABLE = YES;
				IPHONEOS_DEPLOYMENT_TARGET = 16.4;
				MTL_ENABLE_DEBUG_INFO = NO;
				MTL_FAST_MATH = YES;
				SDKROOT = iphoneos;
				SWIFT_COMPILATION_MODE = wholemodule;
				SWIFT_OPTIMIZATION_LEVEL = "-O";
				VALIDATE_PRODUCT = YES;
			};
			name = Release;
		};
		9391257A2A0955FA00B1B34B /* Debug */ = {
			isa = XCBuildConfiguration;
			buildSettings = {
				ASSETCATALOG_COMPILER_APPICON_NAME = AppIcon;
				ASSETCATALOG_COMPILER_GLOBAL_ACCENT_COLOR_NAME = AccentColor;
				CODE_SIGN_STYLE = Automatic;
				CURRENT_PROJECT_VERSION = 1;
				DEBUG_INFORMATION_FORMAT = "dwarf-with-dsym";
				DEVELOPMENT_ASSET_PATHS = "\"FireBaseBootCamp/Preview Content\"";
				DEVELOPMENT_TEAM = 8RH4482R36;
				ENABLE_PREVIEWS = YES;
				GENERATE_INFOPLIST_FILE = YES;
				INFOPLIST_KEY_UIApplicationSceneManifest_Generation = YES;
				INFOPLIST_KEY_UIApplicationSupportsIndirectInputEvents = YES;
				INFOPLIST_KEY_UILaunchScreen_Generation = YES;
				INFOPLIST_KEY_UISupportedInterfaceOrientations_iPad = "UIInterfaceOrientationPortrait UIInterfaceOrientationPortraitUpsideDown UIInterfaceOrientationLandscapeLeft UIInterfaceOrientationLandscapeRight";
				INFOPLIST_KEY_UISupportedInterfaceOrientations_iPhone = "UIInterfaceOrientationPortrait UIInterfaceOrientationLandscapeLeft UIInterfaceOrientationLandscapeRight";
				LD_RUNPATH_SEARCH_PATHS = (
					"$(inherited)",
					"@executable_path/Frameworks",
				);
				MARKETING_VERSION = 1.0;
				PRODUCT_BUNDLE_IDENTIFIER = ss.FireBaseBootCamp;
				PRODUCT_NAME = "$(TARGET_NAME)";
				SWIFT_EMIT_LOC_STRINGS = YES;
				SWIFT_VERSION = 5.0;
				TARGETED_DEVICE_FAMILY = "1,2";
			};
			name = Debug;
		};
		9391257B2A0955FA00B1B34B /* Release */ = {
			isa = XCBuildConfiguration;
			buildSettings = {
				ASSETCATALOG_COMPILER_APPICON_NAME = AppIcon;
				ASSETCATALOG_COMPILER_GLOBAL_ACCENT_COLOR_NAME = AccentColor;
				CODE_SIGN_STYLE = Automatic;
				CURRENT_PROJECT_VERSION = 1;
				DEVELOPMENT_ASSET_PATHS = "\"FireBaseBootCamp/Preview Content\"";
				DEVELOPMENT_TEAM = 8RH4482R36;
				ENABLE_PREVIEWS = YES;
				GENERATE_INFOPLIST_FILE = YES;
				INFOPLIST_KEY_UIApplicationSceneManifest_Generation = YES;
				INFOPLIST_KEY_UIApplicationSupportsIndirectInputEvents = YES;
				INFOPLIST_KEY_UILaunchScreen_Generation = YES;
				INFOPLIST_KEY_UISupportedInterfaceOrientations_iPad = "UIInterfaceOrientationPortrait UIInterfaceOrientationPortraitUpsideDown UIInterfaceOrientationLandscapeLeft UIInterfaceOrientationLandscapeRight";
				INFOPLIST_KEY_UISupportedInterfaceOrientations_iPhone = "UIInterfaceOrientationPortrait UIInterfaceOrientationLandscapeLeft UIInterfaceOrientationLandscapeRight";
				LD_RUNPATH_SEARCH_PATHS = (
					"$(inherited)",
					"@executable_path/Frameworks",
				);
				MARKETING_VERSION = 1.0;
				PRODUCT_BUNDLE_IDENTIFIER = ss.FireBaseBootCamp;
				PRODUCT_NAME = "$(TARGET_NAME)";
				SWIFT_EMIT_LOC_STRINGS = YES;
				SWIFT_VERSION = 5.0;
				TARGETED_DEVICE_FAMILY = "1,2";
			};
			name = Release;
		};
/* End XCBuildConfiguration section */

/* Begin XCConfigurationList section */
		939125612A0955F900B1B34B /* Build configuration list for PBXProject "FireBaseBootCamp" */ = {
			isa = XCConfigurationList;
			buildConfigurations = (
				939125772A0955FA00B1B34B /* Debug */,
				939125782A0955FA00B1B34B /* Release */,
			);
			defaultConfigurationIsVisible = 0;
			defaultConfigurationName = Release;
		};
		939125792A0955FA00B1B34B /* Build configuration list for PBXNativeTarget "FireBaseBootCamp" */ = {
			isa = XCConfigurationList;
			buildConfigurations = (
				9391257A2A0955FA00B1B34B /* Debug */,
				9391257B2A0955FA00B1B34B /* Release */,
			);
			defaultConfigurationIsVisible = 0;
			defaultConfigurationName = Release;
		};
/* End XCConfigurationList section */

/* Begin XCRemoteSwiftPackageReference section */
		939125802A09597200B1B34B /* XCRemoteSwiftPackageReference "firebase-ios-sdk" */ = {
			isa = XCRemoteSwiftPackageReference;
			repositoryURL = "https://github.com/firebase/firebase-ios-sdk";
			requirement = {
				kind = upToNextMajorVersion;
				minimumVersion = 10.0.0;
			};
		};
/* End XCRemoteSwiftPackageReference section */

/* Begin XCSwiftPackageProductDependency section */
		939125812A09597200B1B34B /* FirebaseAnalytics */ = {
			isa = XCSwiftPackageProductDependency;
			package = 939125802A09597200B1B34B /* XCRemoteSwiftPackageReference "firebase-ios-sdk" */;
			productName = FirebaseAnalytics;
		};
		939125832A09597200B1B34B /* FirebaseAnalyticsSwift */ = {
			isa = XCSwiftPackageProductDependency;
			package = 939125802A09597200B1B34B /* XCRemoteSwiftPackageReference "firebase-ios-sdk" */;
			productName = FirebaseAnalyticsSwift;
		};
		939125872A0AB87800B1B34B /* FirebaseAuth */ = {
			isa = XCSwiftPackageProductDependency;
			package = 939125802A09597200B1B34B /* XCRemoteSwiftPackageReference "firebase-ios-sdk" */;
			productName = FirebaseAuth;
		};
/* End XCSwiftPackageProductDependency section */

/* Begin XCVersionGroup section */
		939125742A0955FA00B1B34B /* FireBaseBootCamp.xcdatamodeld */ = {
			isa = XCVersionGroup;
			children = (
				939125752A0955FA00B1B34B /* FireBaseBootCamp.xcdatamodel */,
			);
			currentVersion = 939125752A0955FA00B1B34B /* FireBaseBootCamp.xcdatamodel */;
			path = FireBaseBootCamp.xcdatamodeld;
			sourceTree = "<group>";
			versionGroupType = wrapper.xcdatamodel;
		};
/* End XCVersionGroup section */
	};
	rootObject = 9391255E2A0955F900B1B34B /* Project object */;
}
